
Microsoft Visual Studio Solution File, Format Version 12.00
# Visual Studio Version 17
VisualStudioVersion = 17.8.34330.188
MinimumVisualStudioVersion = 10.0.40219.1
Project("{FAE04EC0-301F-11D3-BF4B-00C04F79EFBC}") = "ConsoleApp1", "ConsoleApp1\ConsoleApp1.csproj", "{093917D8-8820-4892-AFF6-2CE1994F9FBF}"
EndProject
Global
	GlobalSection(SolutionConfigurationPlatforms) = preSolution
		Debug|Any CPU = Debug|Any CPU
		Release|Any CPU = Release|Any CPU
	EndGlobalSection
	GlobalSection(ProjectConfigurationPlatforms) = postSolution
		{093917D8-8820-4892-AFF6-2CE1994F9FBF}.Debug|Any CPU.ActiveCfg = Debug|Any CPU
		{093917D8-8820-4892-AFF6-2CE1994F9FBF}.Debug|Any CPU.Build.0 = Debug|Any CPU
		{093917D8-8820-4892-AFF6-2CE1994F9FBF}.Release|Any CPU.ActiveCfg = Release|Any CPU
		{093917D8-8820-4892-AFF6-2CE1994F9FBF}.Release|Any CPU.Build.0 = Release|Any CPU
	EndGlobalSection
	GlobalSection(SolutionProperties) = preSolution
		HideSolutionNode = FALSE
	EndGlobalSection
	GlobalSection(ExtensibilityGlobals) = postSolution
		SolutionGuid = {70E88331-5F4F-4986-9D8F-99D7C9028929}
	EndGlobalSection
EndGlobal
